
Microsoft Visual Studio Solution File, Format Version 12.00
# Visual Studio Version 16
VisualStudioVersion = 16.0.30611.23
MinimumVisualStudioVersion = 10.0.40219.1
Project("{FAE04EC0-301F-11D3-BF4B-00C04F79EFBC}") = "Exercício encapsulamento Leo A. Demicio", "Exercício encapsulamento Leo A. Demicio\Exercício encapsulamento Leo A. Demicio.csproj", "{1973AC1A-EA3D-4091-AE9C-696F389355A2}"
EndProject
Global
	GlobalSection(SolutionConfigurationPlatforms) = preSolution
		Debug|Any CPU = Debug|Any CPU
		Release|Any CPU = Release|Any CPU
	EndGlobalSection
	GlobalSection(ProjectConfigurationPlatforms) = postSolution
		{1973AC1A-EA3D-4091-AE9C-696F389355A2}.Debug|Any CPU.ActiveCfg = Debug|Any CPU
		{1973AC1A-EA3D-4091-AE9C-696F389355A2}.Debug|Any CPU.Build.0 = Debug|Any CPU
		{1973AC1A-EA3D-4091-AE9C-696F389355A2}.Release|Any CPU.ActiveCfg = Release|Any CPU
		{1973AC1A-EA3D-4091-AE9C-696F389355A2}.Release|Any CPU.Build.0 = Release|Any CPU
	EndGlobalSection
	GlobalSection(SolutionProperties) = preSolution
		HideSolutionNode = FALSE
	EndGlobalSection
	GlobalSection(ExtensibilityGlobals) = postSolution
		SolutionGuid = {CDADD26D-84C3-464E-B678-FCC8285DEFFF}
	EndGlobalSection
EndGlobal
